
Microsoft Visual Studio Solution File, Format Version 12.00
# Visual Studio 15
VisualStudioVersion = 15.0.28307.489
MinimumVisualStudioVersion = 10.0.40219.1
Project("{FAE04EC0-301F-11D3-BF4B-00C04F79EFBC}") = "AzureSearchBotV4", "AzureSearchBotV4\AzureSearchBotV4.csproj", "{2AA3EF74-85B4-4ED6-9BBF-A777FD1932E3}"
EndProject
Global
	GlobalSection(SolutionConfigurationPlatforms) = preSolution
		Debug|Any CPU = Debug|Any CPU
		Release|Any CPU = Release|Any CPU
	EndGlobalSection
	GlobalSection(ProjectConfigurationPlatforms) = postSolution
		{2AA3EF74-85B4-4ED6-9BBF-A777FD1932E3}.Debug|Any CPU.ActiveCfg = Debug|Any CPU
		{2AA3EF74-85B4-4ED6-9BBF-A777FD1932E3}.Debug|Any CPU.Build.0 = Debug|Any CPU
		{2AA3EF74-85B4-4ED6-9BBF-A777FD1932E3}.Release|Any CPU.ActiveCfg = Release|Any CPU
		{2AA3EF74-85B4-4ED6-9BBF-A777FD1932E3}.Release|Any CPU.Build.0 = Release|Any CPU
	EndGlobalSection
	GlobalSection(SolutionProperties) = preSolution
		HideSolutionNode = FALSE
	EndGlobalSection
	GlobalSection(ExtensibilityGlobals) = postSolution
		SolutionGuid = {87EE46FC-8DC7-4C1B-929A-22F265D843D6}
	EndGlobalSection
EndGlobal
